
Microsoft Visual Studio Solution File, Format Version 12.00
# Visual Studio Version 17
VisualStudioVersion = 17.0.31919.166
MinimumVisualStudioVersion = 10.0.40219.1
Project("{9A19103F-16F7-4668-BE54-9A1E7A4F7556}") = "VacationPlanner", "VacationPlanner\VacationPlanner.csproj", "{413E767A-FF9A-4BD0-B935-C3850ECF07CB}"
EndProject
Project("{9A19103F-16F7-4668-BE54-9A1E7A4F7556}") = "VacationPlannerTests", "VacationPlannerTests\VacationPlannerTests.csproj", "{B9097639-6002-4C38-8709-9B9BF02E4791}"
EndProject
Global
	GlobalSection(SolutionConfigurationPlatforms) = preSolution
		Debug|Any CPU = Debug|Any CPU
		Release|Any CPU = Release|Any CPU
	EndGlobalSection
	GlobalSection(ProjectConfigurationPlatforms) = postSolution
		{413E767A-FF9A-4BD0-B935-C3850ECF07CB}.Debug|Any CPU.ActiveCfg = Debug|Any CPU
		{413E767A-FF9A-4BD0-B935-C3850ECF07CB}.Debug|Any CPU.Build.0 = Debug|Any CPU
		{413E767A-FF9A-4BD0-B935-C3850ECF07CB}.Release|Any CPU.ActiveCfg = Release|Any CPU
		{413E767A-FF9A-4BD0-B935-C3850ECF07CB}.Release|Any CPU.Build.0 = Release|Any CPU
		{B9097639-6002-4C38-8709-9B9BF02E4791}.Debug|Any CPU.ActiveCfg = Debug|Any CPU
		{B9097639-6002-4C38-8709-9B9BF02E4791}.Debug|Any CPU.Build.0 = Debug|Any CPU
		{B9097639-6002-4C38-8709-9B9BF02E4791}.Release|Any CPU.ActiveCfg = Release|Any CPU
		{B9097639-6002-4C38-8709-9B9BF02E4791}.Release|Any CPU.Build.0 = Release|Any CPU
	EndGlobalSection
	GlobalSection(SolutionProperties) = preSolution
		HideSolutionNode = FALSE
	EndGlobalSection
	GlobalSection(ExtensibilityGlobals) = postSolution
		SolutionGuid = {96FBD2F1-6286-4396-BA74-DCF79EDF202D}
	EndGlobalSection
EndGlobal
